// !$*UTF8*$!
{
	archiveVersion = 1;
	classes = {
	};
	objectVersion = 46;
	objects = {

/* Begin PBXBuildFile section */
		4E27E7A41B0069DF00E093B2 /* AppDelegate.swift in Sources */ = {isa = PBXBuildFile; fileRef = 4E27E7A31B0069DF00E093B2 /* AppDelegate.swift */; };
		4E27E7A91B0069DF00E093B2 /* Main.storyboard in Resources */ = {isa = PBXBuildFile; fileRef = 4E27E7A71B0069DF00E093B2 /* Main.storyboard */; };
		4E27E7AB1B0069DF00E093B2 /* Images.xcassets in Resources */ = {isa = PBXBuildFile; fileRef = 4E27E7AA1B0069DF00E093B2 /* Images.xcassets */; };
		4E27E7AE1B0069DF00E093B2 /* LaunchScreen.xib in Resources */ = {isa = PBXBuildFile; fileRef = 4E27E7AC1B0069DF00E093B2 /* LaunchScreen.xib */; };
		4E27E7BA1B0069E000E093B2 /* Quiz_FunTests.swift in Sources */ = {isa = PBXBuildFile; fileRef = 4E27E7B91B0069E000E093B2 /* Quiz_FunTests.swift */; };
		4E27E7C61B006A0900E093B2 /* AppModel.swift in Sources */ = {isa = PBXBuildFile; fileRef = 4E27E7C51B006A0900E093B2 /* AppModel.swift */; };
		4E27E7C81B006B7100E093B2 /* CategoriesTableViewController.swift in Sources */ = {isa = PBXBuildFile; fileRef = 4E27E7C71B006B7100E093B2 /* CategoriesTableViewController.swift */; };
		4E27E7CA1B006C1D00E093B2 /* Category.swift in Sources */ = {isa = PBXBuildFile; fileRef = 4E27E7C91B006C1D00E093B2 /* Category.swift */; };
		4E27E7CC1B00709400E093B2 /* QuestionViewController.swift in Sources */ = {isa = PBXBuildFile; fileRef = 4E27E7CB1B00709400E093B2 /* QuestionViewController.swift */; };
		5901E6FD1B0DCD900091B07E /* GoogleMobileAds.framework in Frameworks */ = {isa = PBXBuildFile; fileRef = 5901E6FC1B0DCD900091B07E /* GoogleMobileAds.framework */; };
		5901E6FF1B0DCDBF0091B07E /* AdSupport.framework in Frameworks */ = {isa = PBXBuildFile; fileRef = 5901E6FE1B0DCDBF0091B07E /* AdSupport.framework */; };
		5901E7011B0DCDC70091B07E /* AudioToolbox.framework in Frameworks */ = {isa = PBXBuildFile; fileRef = 5901E7001B0DCDC70091B07E /* AudioToolbox.framework */; };
		5901E7031B0DCDD30091B07E /* AVFoundation.framework in Frameworks */ = {isa = PBXBuildFile; fileRef = 5901E7021B0DCDD30091B07E /* AVFoundation.framework */; };
		5901E7051B0DCDDB0091B07E /* CoreGraphics.framework in Frameworks */ = {isa = PBXBuildFile; fileRef = 5901E7041B0DCDDB0091B07E /* CoreGraphics.framework */; };
		5901E7071B0DCDE20091B07E /* CoreTelephony.framework in Frameworks */ = {isa = PBXBuildFile; fileRef = 5901E7061B0DCDE20091B07E /* CoreTelephony.framework */; };
		5901E70A1B0DCDFC0091B07E /* EventKit.framework in Frameworks */ = {isa = PBXBuildFile; fileRef = 5901E7081B0DCDFC0091B07E /* EventKit.framework */; };
		5901E70B1B0DCDFC0091B07E /* EventKitUI.framework in Frameworks */ = {isa = PBXBuildFile; fileRef = 5901E7091B0DCDFC0091B07E /* EventKitUI.framework */; };
		5901E70D1B0DCE050091B07E /* MessageUI.framework in Frameworks */ = {isa = PBXBuildFile; fileRef = 5901E70C1B0DCE040091B07E /* MessageUI.framework */; };
		5901E70F1B0DCE0A0091B07E /* StoreKit.framework in Frameworks */ = {isa = PBXBuildFile; fileRef = 5901E70E1B0DCE0A0091B07E /* StoreKit.framework */; };
		5901E7111B0DCE120091B07E /* SystemConfiguration.framework in Frameworks */ = {isa = PBXBuildFile; fileRef = 5901E7101B0DCE120091B07E /* SystemConfiguration.framework */; };
		590E28631B0AF35400859DDE /* background.tif in Resources */ = {isa = PBXBuildFile; fileRef = 590E28621B0AF35400859DDE /* background.tif */; };
		590E28661B0AF52300859DDE /* buttonNormal.png in Resources */ = {isa = PBXBuildFile; fileRef = 590E28641B0AF52300859DDE /* buttonNormal.png */; };
		590E28671B0AF52300859DDE /* buttonPressed.png in Resources */ = {isa = PBXBuildFile; fileRef = 590E28651B0AF52300859DDE /* buttonPressed.png */; };
		590E28691B0AF75100859DDE /* optionsLogo.tif in Resources */ = {isa = PBXBuildFile; fileRef = 590E28681B0AF75100859DDE /* optionsLogo.tif */; };
		590E286C1B0AFA9B00859DDE /* fb.png in Resources */ = {isa = PBXBuildFile; fileRef = 590E286A1B0AFA9B00859DDE /* fb.png */; };
		590E286D1B0AFA9B00859DDE /* twitter.png in Resources */ = {isa = PBXBuildFile; fileRef = 590E286B1B0AFA9B00859DDE /* twitter.png */; };
		59132BF01B024A67000EF7E3 /* Social.framework in Frameworks */ = {isa = PBXBuildFile; fileRef = 59132BEF1B024A67000EF7E3 /* Social.framework */; };
		59661FCF1B09C9E9009A5810 /* quizlogo.tif in Resources */ = {isa = PBXBuildFile; fileRef = 59661FCE1B09C9E9009A5810 /* quizlogo.tif */; };
		5966B8971B00978500772FE9 /* OptionsViewController.swift in Sources */ = {isa = PBXBuildFile; fileRef = 5966B8961B00978500772FE9 /* OptionsViewController.swift */; };
		597CA0FC1B10852D00CEB328 /* CoreData.framework in Frameworks */ = {isa = PBXBuildFile; fileRef = 597CA0FB1B10852D00CEB328 /* CoreData.framework */; };
		597CA0FF1B1085CF00CEB328 /* appData.xcdatamodeld in Sources */ = {isa = PBXBuildFile; fileRef = 597CA0FD1B1085CF00CEB328 /* appData.xcdatamodeld */; };
		5981AA921B007BA3006D33F7 /* MainViewController.swift in Sources */ = {isa = PBXBuildFile; fileRef = 5981AA911B007BA3006D33F7 /* MainViewController.swift */; };
		5981AA941B00829F006D33F7 /* libsqlite3.dylib in Frameworks */ = {isa = PBXBuildFile; fileRef = 5981AA931B00829F006D33F7 /* libsqlite3.dylib */; };
		59C38AAF1B0B5F2B00AA69CB /* wrong.mp3 in Resources */ = {isa = PBXBuildFile; fileRef = 59C38AAE1B0B5F2B00AA69CB /* wrong.mp3 */; };
		59C38AB11B0B613600AA69CB /* right.mp3 in Resources */ = {isa = PBXBuildFile; fileRef = 59C38AB01B0B613600AA69CB /* right.mp3 */; };
		59C38AB31B0B96B400AA69CB /* music.mp3 in Resources */ = {isa = PBXBuildFile; fileRef = 59C38AB21B0B96B400AA69CB /* music.mp3 */; };
		59C38AB81B0B9A1600AA69CB /* appIcon-iPad@2x.png in Resources */ = {isa = PBXBuildFile; fileRef = 59C38AB41B0B9A1600AA69CB /* appIcon-iPad@2x.png */; };
		59C38AB91B0B9A1600AA69CB /* appIcon-iPad2@1x.png in Resources */ = {isa = PBXBuildFile; fileRef = 59C38AB51B0B9A1600AA69CB /* appIcon-iPad2@1x.png */; };
		59C38ABA1B0B9A1600AA69CB /* appIcon@2x.png in Resources */ = {isa = PBXBuildFile; fileRef = 59C38AB61B0B9A1600AA69CB /* appIcon@2x.png */; };
		59C38ABB1B0B9A1600AA69CB /* appIcon@3x.png in Resources */ = {isa = PBXBuildFile; fileRef = 59C38AB71B0B9A1600AA69CB /* appIcon@3x.png */; };
		59E0FBF41B01A5CE00C705EE /* SuccessViewController.swift in Sources */ = {isa = PBXBuildFile; fileRef = 59E0FBF31B01A5CE00C705EE /* SuccessViewController.swift */; };
		59F0CE201B00EE8C004BFCF5 /* FMDatabase.m in Sources */ = {isa = PBXBuildFile; fileRef = 59F0CE171B00EE8C004BFCF5 /* FMDatabase.m */; };
		59F0CE211B00EE8C004BFCF5 /* FMResultSet.m in Sources */ = {isa = PBXBuildFile; fileRef = 59F0CE191B00EE8C004BFCF5 /* FMResultSet.m */; };
		59F0CE221B00EE8C004BFCF5 /* FMDatabaseQueue.m in Sources */ = {isa = PBXBuildFile; fileRef = 59F0CE1B1B00EE8C004BFCF5 /* FMDatabaseQueue.m */; };
		59F0CE231B00EE8C004BFCF5 /* FMDatabaseAdditions.m in Sources */ = {isa = PBXBuildFile; fileRef = 59F0CE1D1B00EE8C004BFCF5 /* FMDatabaseAdditions.m */; };
		59F0CE241B00EE8C004BFCF5 /* FMDatabasePool.m in Sources */ = {isa = PBXBuildFile; fileRef = 59F0CE1F1B00EE8C004BFCF5 /* FMDatabasePool.m */; };
/* End PBXBuildFile section */

/* Begin PBXContainerItemProxy section */
		4E27E7B41B0069DF00E093B2 /* PBXContainerItemProxy */ = {
			isa = PBXContainerItemProxy;
			containerPortal = 4E27E7961B0069DE00E093B2 /* Project object */;
			proxyType = 1;
			remoteGlobalIDString = 4E27E79D1B0069DF00E093B2;
			remoteInfo = "Quiz Fun";
		};
/* End PBXContainerItemProxy section */

/* Begin PBXFileReference section */
		4E27E79E1B0069DF00E093B2 /* Quiz Fun.app */ = {isa = PBXFileReference; explicitFileType = wrapper.application; includeInIndex = 0; path = "Quiz Fun.app"; sourceTree = BUILT_PRODUCTS_DIR; };
		4E27E7A21B0069DF00E093B2 /* Info.plist */ = {isa = PBXFileReference; lastKnownFileType = text.plist.xml; path = Info.plist; sourceTree = "<group>"; };
		4E27E7A31B0069DF00E093B2 /* AppDelegate.swift */ = {isa = PBXFileReference; lastKnownFileType = sourcecode.swift; path = AppDelegate.swift; sourceTree = "<group>"; };
		4E27E7A81B0069DF00E093B2 /* Base */ = {isa = PBXFileReference; lastKnownFileType = file.storyboard; name = Base; path = Base.lproj/Main.storyboard; sourceTree = "<group>"; };
		4E27E7AA1B0069DF00E093B2 /* Images.xcassets */ = {isa = PBXFileReference; lastKnownFileType = folder.assetcatalog; path = Images.xcassets; sourceTree = "<group>"; };
		4E27E7AD1B0069DF00E093B2 /* Base */ = {isa = PBXFileReference; lastKnownFileType = file.xib; name = Base; path = Base.lproj/LaunchScreen.xib; sourceTree = "<group>"; };
		4E27E7B31B0069DF00E093B2 /* Quiz FunTests.xctest */ = {isa = PBXFileReference; explicitFileType = wrapper.cfbundle; includeInIndex = 0; path = "Quiz FunTests.xctest"; sourceTree = BUILT_PRODUCTS_DIR; };
		4E27E7B81B0069DF00E093B2 /* Info.plist */ = {isa = PBXFileReference; lastKnownFileType = text.plist.xml; path = Info.plist; sourceTree = "<group>"; };
		4E27E7B91B0069E000E093B2 /* Quiz_FunTests.swift */ = {isa = PBXFileReference; lastKnownFileType = sourcecode.swift; path = Quiz_FunTests.swift; sourceTree = "<group>"; };
		4E27E7C51B006A0900E093B2 /* AppModel.swift */ = {isa = PBXFileReference; fileEncoding = 4; lastKnownFileType = sourcecode.swift; path = AppModel.swift; sourceTree = "<group>"; };
		4E27E7C71B006B7100E093B2 /* CategoriesTableViewController.swift */ = {isa = PBXFileReference; fileEncoding = 4; lastKnownFileType = sourcecode.swift; path = CategoriesTableViewController.swift; sourceTree = "<group>"; };
		4E27E7C91B006C1D00E093B2 /* Category.swift */ = {isa = PBXFileReference; fileEncoding = 4; lastKnownFileType = sourcecode.swift; path = Category.swift; sourceTree = "<group>"; };
		4E27E7CB1B00709400E093B2 /* QuestionViewController.swift */ = {isa = PBXFileReference; fileEncoding = 4; lastKnownFileType = sourcecode.swift; path = QuestionViewController.swift; sourceTree = "<group>"; };
		5901E6FC1B0DCD900091B07E /* GoogleMobileAds.framework */ = {isa = PBXFileReference; lastKnownFileType = wrapper.framework; path = GoogleMobileAds.framework; sourceTree = "<group>"; };
		5901E6FE1B0DCDBF0091B07E /* AdSupport.framework */ = {isa = PBXFileReference; lastKnownFileType = wrapper.framework; name = AdSupport.framework; path = System/Library/Frameworks/AdSupport.framework; sourceTree = SDKROOT; };
		5901E7001B0DCDC70091B07E /* AudioToolbox.framework */ = {isa = PBXFileReference; lastKnownFileType = wrapper.framework; name = AudioToolbox.framework; path = System/Library/Frameworks/AudioToolbox.framework; sourceTree = SDKROOT; };
		5901E7021B0DCDD30091B07E /* AVFoundation.framework */ = {isa = PBXFileReference; lastKnownFileType = wrapper.framework; name = AVFoundation.framework; path = System/Library/Frameworks/AVFoundation.framework; sourceTree = SDKROOT; };
		5901E7041B0DCDDB0091B07E /* CoreGraphics.framework */ = {isa = PBXFileReference; lastKnownFileType = wrapper.framework; name = CoreGraphics.framework; path = System/Library/Frameworks/CoreGraphics.framework; sourceTree = SDKROOT; };
		5901E7061B0DCDE20091B07E /* CoreTelephony.framework */ = {isa = PBXFileReference; lastKnownFileType = wrapper.framework; name = CoreTelephony.framework; path = System/Library/Frameworks/CoreTelephony.framework; sourceTree = SDKROOT; };
		5901E7081B0DCDFC0091B07E /* EventKit.framework */ = {isa = PBXFileReference; lastKnownFileType = wrapper.framework; name = EventKit.framework; path = System/Library/Frameworks/EventKit.framework; sourceTree = SDKROOT; };
		5901E7091B0DCDFC0091B07E /* EventKitUI.framework */ = {isa = PBXFileReference; lastKnownFileType = wrapper.framework; name = EventKitUI.framework; path = System/Library/Frameworks/EventKitUI.framework; sourceTree = SDKROOT; };
		5901E70C1B0DCE040091B07E /* MessageUI.framework */ = {isa = PBXFileReference; lastKnownFileType = wrapper.framework; name = MessageUI.framework; path = System/Library/Frameworks/MessageUI.framework; sourceTree = SDKROOT; };
		5901E70E1B0DCE0A0091B07E /* StoreKit.framework */ = {isa = PBXFileReference; lastKnownFileType = wrapper.framework; name = StoreKit.framework; path = System/Library/Frameworks/StoreKit.framework; sourceTree = SDKROOT; };
		5901E7101B0DCE120091B07E /* SystemConfiguration.framework */ = {isa = PBXFileReference; lastKnownFileType = wrapper.framework; name = SystemConfiguration.framework; path = System/Library/Frameworks/SystemConfiguration.framework; sourceTree = SDKROOT; };
		590E28611B0AF06A00859DDE /* buttonClick.aif */ = {isa = PBXFileReference; lastKnownFileType = file; path = buttonClick.aif; sourceTree = "<group>"; };
		590E28621B0AF35400859DDE /* background.tif */ = {isa = PBXFileReference; lastKnownFileType = image.tiff; name = background.tif; path = Assets/background.tif; sourceTree = "<group>"; };
		590E28641B0AF52300859DDE /* buttonNormal.png */ = {isa = PBXFileReference; lastKnownFileType = image.png; name = buttonNormal.png; path = Assets/buttonNormal.png; sourceTree = "<group>"; };
		590E28651B0AF52300859DDE /* buttonPressed.png */ = {isa = PBXFileReference; lastKnownFileType = image.png; name = buttonPressed.png; path = Assets/buttonPressed.png; sourceTree = "<group>"; };
		590E28681B0AF75100859DDE /* optionsLogo.tif */ = {isa = PBXFileReference; lastKnownFileType = image.tiff; name = optionsLogo.tif; path = Assets/optionsLogo.tif; sourceTree = "<group>"; };
		590E286A1B0AFA9B00859DDE /* fb.png */ = {isa = PBXFileReference; lastKnownFileType = image.png; name = fb.png; path = Assets/fb.png; sourceTree = "<group>"; };
		590E286B1B0AFA9B00859DDE /* twitter.png */ = {isa = PBXFileReference; lastKnownFileType = image.png; name = twitter.png; path = Assets/twitter.png; sourceTree = "<group>"; };
		59132BEF1B024A67000EF7E3 /* Social.framework */ = {isa = PBXFileReference; lastKnownFileType = wrapper.framework; name = Social.framework; path = System/Library/Frameworks/Social.framework; sourceTree = SDKROOT; };
		59661FCE1B09C9E9009A5810 /* quizlogo.tif */ = {isa = PBXFileReference; lastKnownFileType = image.tiff; name = quizlogo.tif; path = Assets/quizlogo.tif; sourceTree = "<group>"; };
		5966B8961B00978500772FE9 /* OptionsViewController.swift */ = {isa = PBXFileReference; fileEncoding = 4; lastKnownFileType = sourcecode.swift; path = OptionsViewController.swift; sourceTree = "<group>"; };
		597CA0FB1B10852D00CEB328 /* CoreData.framework */ = {isa = PBXFileReference; lastKnownFileType = wrapper.framework; name = CoreData.framework; path = System/Library/Frameworks/CoreData.framework; sourceTree = SDKROOT; };
		597CA0FE1B1085CF00CEB328 /* appData.xcdatamodel */ = {isa = PBXFileReference; lastKnownFileType = wrapper.xcdatamodel; path = appData.xcdatamodel; sourceTree = "<group>"; };
		5981AA911B007BA3006D33F7 /* MainViewController.swift */ = {isa = PBXFileReference; fileEncoding = 4; lastKnownFileType = sourcecode.swift; path = MainViewController.swift; sourceTree = "<group>"; };
		5981AA931B00829F006D33F7 /* libsqlite3.dylib */ = {isa = PBXFileReference; lastKnownFileType = "compiled.mach-o.dylib"; name = libsqlite3.dylib; path = usr/lib/libsqlite3.dylib; sourceTree = SDKROOT; };
		59C38AAE1B0B5F2B00AA69CB /* wrong.mp3 */ = {isa = PBXFileReference; lastKnownFileType = audio.mp3; path = wrong.mp3; sourceTree = "<group>"; };
		59C38AB01B0B613600AA69CB /* right.mp3 */ = {isa = PBXFileReference; lastKnownFileType = audio.mp3; path = right.mp3; sourceTree = "<group>"; };
		59C38AB21B0B96B400AA69CB /* music.mp3 */ = {isa = PBXFileReference; lastKnownFileType = audio.mp3; path = music.mp3; sourceTree = "<group>"; };
		59C38AB41B0B9A1600AA69CB /* appIcon-iPad@2x.png */ = {isa = PBXFileReference; lastKnownFileType = image.png; name = "appIcon-iPad@2x.png"; path = "Assets/appIcon-iPad@2x.png"; sourceTree = "<group>"; };
		59C38AB51B0B9A1600AA69CB /* appIcon-iPad2@1x.png */ = {isa = PBXFileReference; lastKnownFileType = image.png; name = "appIcon-iPad2@1x.png"; path = "Assets/appIcon-iPad2@1x.png"; sourceTree = "<group>"; };
		59C38AB61B0B9A1600AA69CB /* appIcon@2x.png */ = {isa = PBXFileReference; lastKnownFileType = image.png; name = "appIcon@2x.png"; path = "Assets/appIcon@2x.png"; sourceTree = "<group>"; };
		59C38AB71B0B9A1600AA69CB /* appIcon@3x.png */ = {isa = PBXFileReference; lastKnownFileType = image.png; name = "appIcon@3x.png"; path = "Assets/appIcon@3x.png"; sourceTree = "<group>"; };
		59E0FBF31B01A5CE00C705EE /* SuccessViewController.swift */ = {isa = PBXFileReference; fileEncoding = 4; lastKnownFileType = sourcecode.swift; path = SuccessViewController.swift; sourceTree = "<group>"; };
		59F0CE141B00EE8B004BFCF5 /* Quiz Fun-Bridging-Header.h */ = {isa = PBXFileReference; lastKnownFileType = sourcecode.c.h; path = "Quiz Fun-Bridging-Header.h"; sourceTree = "<group>"; };
		59F0CE151B00EE8C004BFCF5 /* FMDB.h */ = {isa = PBXFileReference; fileEncoding = 4; lastKnownFileType = sourcecode.c.h; path = FMDB.h; sourceTree = "<group>"; };
		59F0CE161B00EE8C004BFCF5 /* FMDatabase.h */ = {isa = PBXFileReference; fileEncoding = 4; lastKnownFileType = sourcecode.c.h; path = FMDatabase.h; sourceTree = "<group>"; };
		59F0CE171B00EE8C004BFCF5 /* FMDatabase.m */ = {isa = PBXFileReference; fileEncoding = 4; lastKnownFileType = sourcecode.c.objc; path = FMDatabase.m; sourceTree = "<group>"; };
		59F0CE181B00EE8C004BFCF5 /* FMResultSet.h */ = {isa = PBXFileReference; fileEncoding = 4; lastKnownFileType = sourcecode.c.h; path = FMResultSet.h; sourceTree = "<group>"; };
		59F0CE191B00EE8C004BFCF5 /* FMResultSet.m */ = {isa = PBXFileReference; fileEncoding = 4; lastKnownFileType = sourcecode.c.objc; path = FMResultSet.m; sourceTree = "<group>"; };
		59F0CE1A1B00EE8C004BFCF5 /* FMDatabaseQueue.h */ = {isa = PBXFileReference; fileEncoding = 4; lastKnownFileType = sourcecode.c.h; path = FMDatabaseQueue.h; sourceTree = "<group>"; };
		59F0CE1B1B00EE8C004BFCF5 /* FMDatabaseQueue.m */ = {isa = PBXFileReference; fileEncoding = 4; lastKnownFileType = sourcecode.c.objc; path = FMDatabaseQueue.m; sourceTree = "<group>"; };
		59F0CE1C1B00EE8C004BFCF5 /* FMDatabaseAdditions.h */ = {isa = PBXFileReference; fileEncoding = 4; lastKnownFileType = sourcecode.c.h; path = FMDatabaseAdditions.h; sourceTree = "<group>"; };
		59F0CE1D1B00EE8C004BFCF5 /* FMDatabaseAdditions.m */ = {isa = PBXFileReference; fileEncoding = 4; lastKnownFileType = sourcecode.c.objc; path = FMDatabaseAdditions.m; sourceTree = "<group>"; };
		59F0CE1E1B00EE8C004BFCF5 /* FMDatabasePool.h */ = {isa = PBXFileReference; fileEncoding = 4; lastKnownFileType = sourcecode.c.h; path = FMDatabasePool.h; sourceTree = "<group>"; };
		59F0CE1F1B00EE8C004BFCF5 /* FMDatabasePool.m */ = {isa = PBXFileReference; fileEncoding = 4; lastKnownFileType = sourcecode.c.objc; path = FMDatabasePool.m; sourceTree = "<group>"; };
/* End PBXFileReference section */

/* Begin PBXFrameworksBuildPhase section */
		4E27E79B1B0069DF00E093B2 /* Frameworks */ = {
			isa = PBXFrameworksBuildPhase;
			buildActionMask = 2147483647;
			files = (
				597CA0FC1B10852D00CEB328 /* CoreData.framework in Frameworks */,
				5901E7111B0DCE120091B07E /* SystemConfiguration.framework in Frameworks */,
				5901E70F1B0DCE0A0091B07E /* StoreKit.framework in Frameworks */,
				5901E70D1B0DCE050091B07E /* MessageUI.framework in Frameworks */,
				5901E70A1B0DCDFC0091B07E /* EventKit.framework in Frameworks */,
				5901E70B1B0DCDFC0091B07E /* EventKitUI.framework in Frameworks */,
				5901E7071B0DCDE20091B07E /* CoreTelephony.framework in Frameworks */,
				5901E7051B0DCDDB0091B07E /* CoreGraphics.framework in Frameworks */,
				5901E7031B0DCDD30091B07E /* AVFoundation.framework in Frameworks */,
				5901E7011B0DCDC70091B07E /* AudioToolbox.framework in Frameworks */,
				5901E6FF1B0DCDBF0091B07E /* AdSupport.framework in Frameworks */,
				5901E6FD1B0DCD900091B07E /* GoogleMobileAds.framework in Frameworks */,
				59132BF01B024A67000EF7E3 /* Social.framework in Frameworks */,
				5981AA941B00829F006D33F7 /* libsqlite3.dylib in Frameworks */,
			);
			runOnlyForDeploymentPostprocessing = 0;
		};
		4E27E7B01B0069DF00E093B2 /* Frameworks */ = {
			isa = PBXFrameworksBuildPhase;
			buildActionMask = 2147483647;
			files = (
			);
			runOnlyForDeploymentPostprocessing = 0;
		};
/* End PBXFrameworksBuildPhase section */

/* Begin PBXGroup section */
		4E27E7951B0069DE00E093B2 = {
			isa = PBXGroup;
			children = (
				597CA0FB1B10852D00CEB328 /* CoreData.framework */,
				5901E7101B0DCE120091B07E /* SystemConfiguration.framework */,
				5901E70E1B0DCE0A0091B07E /* StoreKit.framework */,
				5901E70C1B0DCE040091B07E /* MessageUI.framework */,
				5901E7081B0DCDFC0091B07E /* EventKit.framework */,
				5901E7091B0DCDFC0091B07E /* EventKitUI.framework */,
				5901E7061B0DCDE20091B07E /* CoreTelephony.framework */,
				5901E7041B0DCDDB0091B07E /* CoreGraphics.framework */,
				5901E7021B0DCDD30091B07E /* AVFoundation.framework */,
				5901E7001B0DCDC70091B07E /* AudioToolbox.framework */,
				5901E6FE1B0DCDBF0091B07E /* AdSupport.framework */,
				5901E6FC1B0DCD900091B07E /* GoogleMobileAds.framework */,
				59132BEF1B024A67000EF7E3 /* Social.framework */,
				5981AA931B00829F006D33F7 /* libsqlite3.dylib */,
				4E27E7A01B0069DF00E093B2 /* Quiz Fun */,
				4E27E7B61B0069DF00E093B2 /* Quiz FunTests */,
				4E27E79F1B0069DF00E093B2 /* Products */,
			);
			sourceTree = "<group>";
		};
		4E27E79F1B0069DF00E093B2 /* Products */ = {
			isa = PBXGroup;
			children = (
				4E27E79E1B0069DF00E093B2 /* Quiz Fun.app */,
				4E27E7B31B0069DF00E093B2 /* Quiz FunTests.xctest */,
			);
			name = Products;
			sourceTree = "<group>";
		};
		4E27E7A01B0069DF00E093B2 /* Quiz Fun */ = {
			isa = PBXGroup;
			children = (
				59661FCD1B09C9CC009A5810 /* Assets */,
				59F0CE131B00EE7D004BFCF5 /* FMDB */,
				4E27E7C41B0069F400E093B2 /* ViewController */,
				4E27E7C31B0069ED00E093B2 /* Model */,
				4E27E7A71B0069DF00E093B2 /* Main.storyboard */,
				4E27E7AA1B0069DF00E093B2 /* Images.xcassets */,
				59C38AB41B0B9A1600AA69CB /* appIcon-iPad@2x.png */,
				59C38AB51B0B9A1600AA69CB /* appIcon-iPad2@1x.png */,
				59C38AB61B0B9A1600AA69CB /* appIcon@2x.png */,
				59C38AB71B0B9A1600AA69CB /* appIcon@3x.png */,
				4E27E7AC1B0069DF00E093B2 /* LaunchScreen.xib */,
				4E27E7A11B0069DF00E093B2 /* Supporting Files */,
			);
			path = "Quiz Fun";
			sourceTree = "<group>";
		};
		4E27E7A11B0069DF00E093B2 /* Supporting Files */ = {
			isa = PBXGroup;
			children = (
				4E27E7A21B0069DF00E093B2 /* Info.plist */,
			);
			name = "Supporting Files";
			sourceTree = "<group>";
		};
		4E27E7B61B0069DF00E093B2 /* Quiz FunTests */ = {
			isa = PBXGroup;
			children = (
				4E27E7B91B0069E000E093B2 /* Quiz_FunTests.swift */,
				4E27E7B71B0069DF00E093B2 /* Supporting Files */,
			);
			path = "Quiz FunTests";
			sourceTree = "<group>";
		};
		4E27E7B71B0069DF00E093B2 /* Supporting Files */ = {
			isa = PBXGroup;
			children = (
				4E27E7B81B0069DF00E093B2 /* Info.plist */,
			);
			name = "Supporting Files";
			sourceTree = "<group>";
		};
		4E27E7C31B0069ED00E093B2 /* Model */ = {
			isa = PBXGroup;
			children = (
				4E27E7A31B0069DF00E093B2 /* AppDelegate.swift */,
				4E27E7C51B006A0900E093B2 /* AppModel.swift */,
				4E27E7C91B006C1D00E093B2 /* Category.swift */,
				597CA0FD1B1085CF00CEB328 /* appData.xcdatamodeld */,
			);
			name = Model;
			sourceTree = "<group>";
		};
		4E27E7C41B0069F400E093B2 /* ViewController */ = {
			isa = PBXGroup;
			children = (
				5981AA911B007BA3006D33F7 /* MainViewController.swift */,
				4E27E7C71B006B7100E093B2 /* CategoriesTableViewController.swift */,
				4E27E7CB1B00709400E093B2 /* QuestionViewController.swift */,
				5966B8961B00978500772FE9 /* OptionsViewController.swift */,
				59E0FBF31B01A5CE00C705EE /* SuccessViewController.swift */,
			);
			name = ViewController;
			sourceTree = "<group>";
		};
		59661FCD1B09C9CC009A5810 /* Assets */ = {
			isa = PBXGroup;
			children = (
				590E28611B0AF06A00859DDE /* buttonClick.aif */,
				59C38AB21B0B96B400AA69CB /* music.mp3 */,
				59C38AAE1B0B5F2B00AA69CB /* wrong.mp3 */,
				59C38AB01B0B613600AA69CB /* right.mp3 */,
				590E286A1B0AFA9B00859DDE /* fb.png */,
				590E286B1B0AFA9B00859DDE /* twitter.png */,
				590E28641B0AF52300859DDE /* buttonNormal.png */,
				590E28651B0AF52300859DDE /* buttonPressed.png */,
				590E28681B0AF75100859DDE /* optionsLogo.tif */,
				590E28621B0AF35400859DDE /* background.tif */,
				59661FCE1B09C9E9009A5810 /* quizlogo.tif */,
			);
			name = Assets;
			sourceTree = "<group>";
		};
		59F0CE131B00EE7D004BFCF5 /* FMDB */ = {
			isa = PBXGroup;
			children = (
				59F0CE151B00EE8C004BFCF5 /* FMDB.h */,
				59F0CE161B00EE8C004BFCF5 /* FMDatabase.h */,
				59F0CE171B00EE8C004BFCF5 /* FMDatabase.m */,
				59F0CE181B00EE8C004BFCF5 /* FMResultSet.h */,
				59F0CE191B00EE8C004BFCF5 /* FMResultSet.m */,
				59F0CE1A1B00EE8C004BFCF5 /* FMDatabaseQueue.h */,
				59F0CE1B1B00EE8C004BFCF5 /* FMDatabaseQueue.m */,
				59F0CE1C1B00EE8C004BFCF5 /* FMDatabaseAdditions.h */,
				59F0CE1D1B00EE8C004BFCF5 /* FMDatabaseAdditions.m */,
				59F0CE1E1B00EE8C004BFCF5 /* FMDatabasePool.h */,
				59F0CE1F1B00EE8C004BFCF5 /* FMDatabasePool.m */,
				59F0CE141B00EE8B004BFCF5 /* Quiz Fun-Bridging-Header.h */,
			);
			name = FMDB;
			sourceTree = "<group>";
		};
/* End PBXGroup section */

/* Begin PBXNativeTarget section */
		4E27E79D1B0069DF00E093B2 /* Quiz Fun */ = {
			isa = PBXNativeTarget;
			buildConfigurationList = 4E27E7BD1B0069E000E093B2 /* Build configuration list for PBXNativeTarget "Quiz Fun" */;
			buildPhases = (
				4E27E79A1B0069DF00E093B2 /* Sources */,
				4E27E79B1B0069DF00E093B2 /* Frameworks */,
				4E27E79C1B0069DF00E093B2 /* Resources */,
			);
			buildRules = (
			);
			dependencies = (
			);
			name = "Quiz Fun";
			productName = "Quiz Fun";
			productReference = 4E27E79E1B0069DF00E093B2 /* Quiz Fun.app */;
			productType = "com.apple.product-type.application";
		};
		4E27E7B21B0069DF00E093B2 /* Quiz FunTests */ = {
			isa = PBXNativeTarget;
			buildConfigurationList = 4E27E7C01B0069E000E093B2 /* Build configuration list for PBXNativeTarget "Quiz FunTests" */;
			buildPhases = (
				4E27E7AF1B0069DF00E093B2 /* Sources */,
				4E27E7B01B0069DF00E093B2 /* Frameworks */,
				4E27E7B11B0069DF00E093B2 /* Resources */,
			);
			buildRules = (
			);
			dependencies = (
				4E27E7B51B0069DF00E093B2 /* PBXTargetDependency */,
			);
			name = "Quiz FunTests";
			productName = "Quiz FunTests";
			productReference = 4E27E7B31B0069DF00E093B2 /* Quiz FunTests.xctest */;
			productType = "com.apple.product-type.bundle.unit-test";
		};
/* End PBXNativeTarget section */

/* Begin PBXProject section */
		4E27E7961B0069DE00E093B2 /* Project object */ = {
			isa = PBXProject;
			attributes = {
				LastUpgradeCheck = 0610;
				ORGANIZATIONNAME = "James Snee and Heather Ingram";
				TargetAttributes = {
					4E27E79D1B0069DF00E093B2 = {
						CreatedOnToolsVersion = 6.1.1;
					};
					4E27E7B21B0069DF00E093B2 = {
						CreatedOnToolsVersion = 6.1.1;
						TestTargetID = 4E27E79D1B0069DF00E093B2;
					};
				};
			};
			buildConfigurationList = 4E27E7991B0069DE00E093B2 /* Build configuration list for PBXProject "Quiz Fun" */;
			compatibilityVersion = "Xcode 3.2";
			developmentRegion = English;
			hasScannedForEncodings = 0;
			knownRegions = (
				en,
				Base,
			);
			mainGroup = 4E27E7951B0069DE00E093B2;
			productRefGroup = 4E27E79F1B0069DF00E093B2 /* Products */;
			projectDirPath = "";
			projectRoot = "";
			targets = (
				4E27E79D1B0069DF00E093B2 /* Quiz Fun */,
				4E27E7B21B0069DF00E093B2 /* Quiz FunTests */,
			);
		};
/* End PBXProject section */

/* Begin PBXResourcesBuildPhase section */
		4E27E79C1B0069DF00E093B2 /* Resources */ = {
			isa = PBXResourcesBuildPhase;
			buildActionMask = 2147483647;
			files = (
				4E27E7A91B0069DF00E093B2 /* Main.storyboard in Resources */,
				590E28631B0AF35400859DDE /* background.tif in Resources */,
				4E27E7AE1B0069DF00E093B2 /* LaunchScreen.xib in Resources */,
				590E28671B0AF52300859DDE /* buttonPressed.png in Resources */,
				59C38AAF1B0B5F2B00AA69CB /* wrong.mp3 in Resources */,
				59C38ABA1B0B9A1600AA69CB /* appIcon@2x.png in Resources */,
				59C38ABB1B0B9A1600AA69CB /* appIcon@3x.png in Resources */,
				4E27E7AB1B0069DF00E093B2 /* Images.xcassets in Resources */,
				590E286C1B0AFA9B00859DDE /* fb.png in Resources */,
				59C38AB91B0B9A1600AA69CB /* appIcon-iPad2@1x.png in Resources */,
				590E28691B0AF75100859DDE /* optionsLogo.tif in Resources */,
				590E286D1B0AFA9B00859DDE /* twitter.png in Resources */,
				59C38AB31B0B96B400AA69CB /* music.mp3 in Resources */,
				59C38AB11B0B613600AA69CB /* right.mp3 in Resources */,
				59C38AB81B0B9A1600AA69CB /* appIcon-iPad@2x.png in Resources */,
				590E28661B0AF52300859DDE /* buttonNormal.png in Resources */,
				59661FCF1B09C9E9009A5810 /* quizlogo.tif in Resources */,
			);
			runOnlyForDeploymentPostprocessing = 0;
		};
		4E27E7B11B0069DF00E093B2 /* Resources */ = {
			isa = PBXResourcesBuildPhase;
			buildActionMask = 2147483647;
			files = (
			);
			runOnlyForDeploymentPostprocessing = 0;
		};
/* End PBXResourcesBuildPhase section */

/* Begin PBXSourcesBuildPhase section */
		4E27E79A1B0069DF00E093B2 /* Sources */ = {
			isa = PBXSourcesBuildPhase;
			buildActionMask = 2147483647;
			files = (
				4E27E7C81B006B7100E093B2 /* CategoriesTableViewController.swift in Sources */,
				4E27E7CC1B00709400E093B2 /* QuestionViewController.swift in Sources */,
				59F0CE241B00EE8C004BFCF5 /* FMDatabasePool.m in Sources */,
				597CA0FF1B1085CF00CEB328 /* appData.xcdatamodeld in Sources */,
				4E27E7C61B006A0900E093B2 /* AppModel.swift in Sources */,
				59F0CE201B00EE8C004BFCF5 /* FMDatabase.m in Sources */,
				59F0CE211B00EE8C004BFCF5 /* FMResultSet.m in Sources */,
				5966B8971B00978500772FE9 /* OptionsViewController.swift in Sources */,
				5981AA921B007BA3006D33F7 /* MainViewController.swift in Sources */,
				4E27E7A41B0069DF00E093B2 /* AppDelegate.swift in Sources */,
				59F0CE221B00EE8C004BFCF5 /* FMDatabaseQueue.m in Sources */,
				4E27E7CA1B006C1D00E093B2 /* Category.swift in Sources */,
				59F0CE231B00EE8C004BFCF5 /* FMDatabaseAdditions.m in Sources */,
				59E0FBF41B01A5CE00C705EE /* SuccessViewController.swift in Sources */,
			);
			runOnlyForDeploymentPostprocessing = 0;
		};
		4E27E7AF1B0069DF00E093B2 /* Sources */ = {
			isa = PBXSourcesBuildPhase;
			buildActionMask = 2147483647;
			files = (
				4E27E7BA1B0069E000E093B2 /* Quiz_FunTests.swift in Sources */,
			);
			runOnlyForDeploymentPostprocessing = 0;
		};
/* End PBXSourcesBuildPhase section */

/* Begin PBXTargetDependency section */
		4E27E7B51B0069DF00E093B2 /* PBXTargetDependency */ = {
			isa = PBXTargetDependency;
			target = 4E27E79D1B0069DF00E093B2 /* Quiz Fun */;
			targetProxy = 4E27E7B41B0069DF00E093B2 /* PBXContainerItemProxy */;
		};
/* End PBXTargetDependency section */

/* Begin PBXVariantGroup section */
		4E27E7A71B0069DF00E093B2 /* Main.storyboard */ = {
			isa = PBXVariantGroup;
			children = (
				4E27E7A81B0069DF00E093B2 /* Base */,
			);
			name = Main.storyboard;
			sourceTree = "<group>";
		};
		4E27E7AC1B0069DF00E093B2 /* LaunchScreen.xib */ = {
			isa = PBXVariantGroup;
			children = (
				4E27E7AD1B0069DF00E093B2 /* Base */,
			);
			name = LaunchScreen.xib;
			sourceTree = "<group>";
		};
/* End PBXVariantGroup section */

/* Begin XCBuildConfiguration section */
		4E27E7BB1B0069E000E093B2 /* Debug */ = {
			isa = XCBuildConfiguration;
			buildSettings = {
				ALWAYS_SEARCH_USER_PATHS = NO;
				CLANG_CXX_LANGUAGE_STANDARD = "gnu++0x";
				CLANG_CXX_LIBRARY = "libc++";
				CLANG_ENABLE_MODULES = YES;
				CLANG_ENABLE_OBJC_ARC = YES;
				CLANG_WARN_BOOL_CONVERSION = YES;
				CLANG_WARN_CONSTANT_CONVERSION = YES;
				CLANG_WARN_DIRECT_OBJC_ISA_USAGE = YES_ERROR;
				CLANG_WARN_EMPTY_BODY = YES;
				CLANG_WARN_ENUM_CONVERSION = YES;
				CLANG_WARN_INT_CONVERSION = YES;
				CLANG_WARN_OBJC_ROOT_CLASS = YES_ERROR;
				CLANG_WARN_UNREACHABLE_CODE = YES;
				CLANG_WARN__DUPLICATE_METHOD_MATCH = YES;
				"CODE_SIGN_IDENTITY[sdk=iphoneos*]" = "iPhone Developer";
				COPY_PHASE_STRIP = NO;
				ENABLE_STRICT_OBJC_MSGSEND = YES;
				GCC_C_LANGUAGE_STANDARD = gnu99;
				GCC_DYNAMIC_NO_PIC = NO;
				GCC_OPTIMIZATION_LEVEL = 0;
				GCC_PREPROCESSOR_DEFINITIONS = (
					"DEBUG=1",
					"$(inherited)",
				);
				GCC_SYMBOLS_PRIVATE_EXTERN = NO;
				GCC_WARN_64_TO_32_BIT_CONVERSION = YES;
				GCC_WARN_ABOUT_RETURN_TYPE = YES_ERROR;
				GCC_WARN_UNDECLARED_SELECTOR = YES;
				GCC_WARN_UNINITIALIZED_AUTOS = YES_AGGRESSIVE;
				GCC_WARN_UNUSED_FUNCTION = YES;
				GCC_WARN_UNUSED_VARIABLE = YES;
				IPHONEOS_DEPLOYMENT_TARGET = 8.1;
				MTL_ENABLE_DEBUG_INFO = YES;
				ONLY_ACTIVE_ARCH = YES;
				SDKROOT = iphoneos;
				SWIFT_OPTIMIZATION_LEVEL = "-Onone";
				TARGETED_DEVICE_FAMILY = "1,2";
			};
			name = Debug;
		};
		4E27E7BC1B0069E000E093B2 /* Release */ = {
			isa = XCBuildConfiguration;
			buildSettings = {
				ALWAYS_SEARCH_USER_PATHS = NO;
				CLANG_CXX_LANGUAGE_STANDARD = "gnu++0x";
				CLANG_CXX_LIBRARY = "libc++";
				CLANG_ENABLE_MODULES = YES;
				CLANG_ENABLE_OBJC_ARC = YES;
				CLANG_WARN_BOOL_CONVERSION = YES;
				CLANG_WARN_CONSTANT_CONVERSION = YES;
				CLANG_WARN_DIRECT_OBJC_ISA_USAGE = YES_ERROR;
				CLANG_WARN_EMPTY_BODY = YES;
				CLANG_WARN_ENUM_CONVERSION = YES;
				CLANG_WARN_INT_CONVERSION = YES;
				CLANG_WARN_OBJC_ROOT_CLASS = YES_ERROR;
				CLANG_WARN_UNREACHABLE_CODE = YES;
				CLANG_WARN__DUPLICATE_METHOD_MATCH = YES;
				"CODE_SIGN_IDENTITY[sdk=iphoneos*]" = "iPhone Developer";
				COPY_PHASE_STRIP = YES;
				ENABLE_NS_ASSERTIONS = NO;
				ENABLE_STRICT_OBJC_MSGSEND = YES;
				GCC_C_LANGUAGE_STANDARD = gnu99;
				GCC_WARN_64_TO_32_BIT_CONVERSION = YES;
				GCC_WARN_ABOUT_RETURN_TYPE = YES_ERROR;
				GCC_WARN_UNDECLARED_SELECTOR = YES;
				GCC_WARN_UNINITIALIZED_AUTOS = YES_AGGRESSIVE;
				GCC_WARN_UNUSED_FUNCTION = YES;
				GCC_WARN_UNUSED_VARIABLE = YES;
				IPHONEOS_DEPLOYMENT_TARGET = 8.1;
				MTL_ENABLE_DEBUG_INFO = NO;
				SDKROOT = iphoneos;
				TARGETED_DEVICE_FAMILY = "1,2";
				VALIDATE_PRODUCT = YES;
			};
			name = Release;
		};
		4E27E7BE1B0069E000E093B2 /* Debug */ = {
			isa = XCBuildConfiguration;
			buildSettings = {
				ASSETCATALOG_COMPILER_APPICON_NAME = AppIcon;
				CLANG_ENABLE_MODULES = YES;
				FRAMEWORK_SEARCH_PATHS = (
					"$(inherited)",
					"$(PROJECT_DIR)",
				);
				INFOPLIST_FILE = "Quiz Fun/Info.plist";
				LD_RUNPATH_SEARCH_PATHS = "$(inherited) @executable_path/Frameworks";
				PRODUCT_NAME = "$(TARGET_NAME)";
				SWIFT_OBJC_BRIDGING_HEADER = "Quiz Fun/Quiz Fun-Bridging-Header.h";
				SWIFT_OPTIMIZATION_LEVEL = "-Onone";
			};
			name = Debug;
		};
		4E27E7BF1B0069E000E093B2 /* Release */ = {
			isa = XCBuildConfiguration;
			buildSettings = {
				ASSETCATALOG_COMPILER_APPICON_NAME = AppIcon;
				CLANG_ENABLE_MODULES = YES;
				FRAMEWORK_SEARCH_PATHS = (
					"$(inherited)",
					"$(PROJECT_DIR)",
				);
				INFOPLIST_FILE = "Quiz Fun/Info.plist";
				LD_RUNPATH_SEARCH_PATHS = "$(inherited) @executable_path/Frameworks";
				PRODUCT_NAME = "$(TARGET_NAME)";
				SWIFT_OBJC_BRIDGING_HEADER = "Quiz Fun/Quiz Fun-Bridging-Header.h";
			};
			name = Release;
		};
		4E27E7C11B0069E000E093B2 /* Debug */ = {
			isa = XCBuildConfiguration;
			buildSettings = {
				BUNDLE_LOADER = "$(TEST_HOST)";
				FRAMEWORK_SEARCH_PATHS = (
					"$(SDKROOT)/Developer/Library/Frameworks",
					"$(inherited)",
				);
				GCC_PREPROCESSOR_DEFINITIONS = (
					"DEBUG=1",
					"$(inherited)",
				);
				INFOPLIST_FILE = "Quiz FunTests/Info.plist";
				LD_RUNPATH_SEARCH_PATHS = "$(inherited) @executable_path/Frameworks @loader_path/Frameworks";
				PRODUCT_NAME = "$(TARGET_NAME)";
				TEST_HOST = "$(BUILT_PRODUCTS_DIR)/Quiz Fun.app/Quiz Fun";
			};
			name = Debug;
		};
		4E27E7C21B0069E000E093B2 /* Release */ = {
			isa = XCBuildConfiguration;
			buildSettings = {
				BUNDLE_LOADER = "$(TEST_HOST)";
				FRAMEWORK_SEARCH_PATHS = (
					"$(SDKROOT)/Developer/Library/Frameworks",
					"$(inherited)",
				);
				INFOPLIST_FILE = "Quiz FunTests/Info.plist";
				LD_RUNPATH_SEARCH_PATHS = "$(inherited) @executable_path/Frameworks @loader_path/Frameworks";
				PRODUCT_NAME = "$(TARGET_NAME)";
				TEST_HOST = "$(BUILT_PRODUCTS_DIR)/Quiz Fun.app/Quiz Fun";
			};
			name = Release;
		};
/* End XCBuildConfiguration section */

/* Begin XCConfigurationList section */
		4E27E7991B0069DE00E093B2 /* Build configuration list for PBXProject "Quiz Fun" */ = {
			isa = XCConfigurationList;
			buildConfigurations = (
				4E27E7BB1B0069E000E093B2 /* Debug */,
				4E27E7BC1B0069E000E093B2 /* Release */,
			);
			defaultConfigurationIsVisible = 0;
			defaultConfigurationName = Release;
		};
		4E27E7BD1B0069E000E093B2 /* Build configuration list for PBXNativeTarget "Quiz Fun" */ = {
			isa = XCConfigurationList;
			buildConfigurations = (
				4E27E7BE1B0069E000E093B2 /* Debug */,
				4E27E7BF1B0069E000E093B2 /* Release */,
			);
			defaultConfigurationIsVisible = 0;
			defaultConfigurationName = Release;
		};
		4E27E7C01B0069E000E093B2 /* Build configuration list for PBXNativeTarget "Quiz FunTests" */ = {
			isa = XCConfigurationList;
			buildConfigurations = (
				4E27E7C11B0069E000E093B2 /* Debug */,
				4E27E7C21B0069E000E093B2 /* Release */,
			);
			defaultConfigurationIsVisible = 0;
			defaultConfigurationName = Release;
		};
/* End XCConfigurationList section */

/* Begin XCVersionGroup section */
		597CA0FD1B1085CF00CEB328 /* appData.xcdatamodeld */ = {
			isa = XCVersionGroup;
			children = (
				597CA0FE1B1085CF00CEB328 /* appData.xcdatamodel */,
			);
			currentVersion = 597CA0FE1B1085CF00CEB328 /* appData.xcdatamodel */;
			path = appData.xcdatamodeld;
			sourceTree = "<group>";
			versionGroupType = wrapper.xcdatamodel;
		};
/* End XCVersionGroup section */
	};
	rootObject = 4E27E7961B0069DE00E093B2 /* Project object */;
}
